
Microsoft Visual Studio Solution File, Format Version 12.00
# Visual Studio 2013
VisualStudioVersion = 12.0.31101.0
MinimumVisualStudioVersion = 10.0.40219.1
Project("{FAE04EC0-301F-11D3-BF4B-00C04F79EFBC}") = "Talks.Model", "Talks.Model\Talks.Model.csproj", "{F2E4DF87-4F96-4004-AC37-8335202A6B43}"
EndProject
Project("{FAE04EC0-301F-11D3-BF4B-00C04F79EFBC}") = "Talks.Dao", "Talks.Dao\Talks.Dao.csproj", "{CAEC7643-D88D-453A-B429-A1F5E74D62D8}"
EndProject
Project("{FAE04EC0-301F-11D3-BF4B-00C04F79EFBC}") = "Talks.Service", "Talks.Service\Talks.Service.csproj", "{F4BB6B87-084D-41E4-ACBF-708141454073}"
EndProject
Project("{2150E333-8FDC-42A3-9474-1A3956D46DE8}") = "web", "web", "{533AF666-11DF-46EB-98A1-0A93A2F93B5C}"
EndProject
Project("{2150E333-8FDC-42A3-9474-1A3956D46DE8}") = "dll", "dll", "{0CACEF26-B523-4E83-8FB7-0F678B7158B7}"
EndProject
Project("{FAE04EC0-301F-11D3-BF4B-00C04F79EFBC}") = "Talks.Web", "Talks.Web\Talks.Web.csproj", "{9BE7C22D-76B8-4D6D-A2FD-4A03E817A6D2}"
EndProject
Project("{2150E333-8FDC-42A3-9474-1A3956D46DE8}") = "_MusicStore", "_MusicStore", "{DED8F74C-AC87-4822-8647-3278D406490A}"
EndProject
Project("{E24C65DC-7377-472B-9ABA-BC803B73C61A}") = "MvcMusicStore", "http://localhost:13280", "{183E5094-B3BB-46F0-A0B2-20C039739A8C}"
	ProjectSection(WebsiteProperties) = preProject
		UseIISExpress = "true"
		TargetFrameworkMoniker = ".NETFramework,Version%3Dv4.0"
		Debug.AspNetCompiler.VirtualPath = "/localhost_13280"
		Debug.AspNetCompiler.PhysicalPath = "MvcMusicStore\"
		Debug.AspNetCompiler.TargetPath = "PrecompiledWeb\localhost_13280\"
		Debug.AspNetCompiler.Updateable = "true"
		Debug.AspNetCompiler.ForceOverwrite = "true"
		Debug.AspNetCompiler.FixedNames = "false"
		Debug.AspNetCompiler.Debug = "True"
		Release.AspNetCompiler.VirtualPath = "/localhost_13280"
		Release.AspNetCompiler.PhysicalPath = "MvcMusicStore\"
		Release.AspNetCompiler.TargetPath = "PrecompiledWeb\localhost_13280\"
		Release.AspNetCompiler.Updateable = "true"
		Release.AspNetCompiler.ForceOverwrite = "true"
		Release.AspNetCompiler.FixedNames = "false"
		Release.AspNetCompiler.Debug = "False"
		SlnRelativePath = "MvcMusicStore\"
	EndProjectSection
EndProject
Project("{FAE04EC0-301F-11D3-BF4B-00C04F79EFBC}") = "Talks.Admin", "Talks.Admin\Talks.Admin.csproj", "{84C9371E-6BE1-4713-97AD-F2CB19ED4359}"
EndProject
Global
	GlobalSection(SolutionConfigurationPlatforms) = preSolution
		Debug|Any CPU = Debug|Any CPU
		Release|Any CPU = Release|Any CPU
	EndGlobalSection
	GlobalSection(ProjectConfigurationPlatforms) = postSolution
		{F2E4DF87-4F96-4004-AC37-8335202A6B43}.Debug|Any CPU.ActiveCfg = Debug|Any CPU
		{F2E4DF87-4F96-4004-AC37-8335202A6B43}.Debug|Any CPU.Build.0 = Debug|Any CPU
		{F2E4DF87-4F96-4004-AC37-8335202A6B43}.Release|Any CPU.ActiveCfg = Release|Any CPU
		{F2E4DF87-4F96-4004-AC37-8335202A6B43}.Release|Any CPU.Build.0 = Release|Any CPU
		{CAEC7643-D88D-453A-B429-A1F5E74D62D8}.Debug|Any CPU.ActiveCfg = Debug|Any CPU
		{CAEC7643-D88D-453A-B429-A1F5E74D62D8}.Debug|Any CPU.Build.0 = Debug|Any CPU
		{CAEC7643-D88D-453A-B429-A1F5E74D62D8}.Release|Any CPU.ActiveCfg = Release|Any CPU
		{CAEC7643-D88D-453A-B429-A1F5E74D62D8}.Release|Any CPU.Build.0 = Release|Any CPU
		{F4BB6B87-084D-41E4-ACBF-708141454073}.Debug|Any CPU.ActiveCfg = Debug|Any CPU
		{F4BB6B87-084D-41E4-ACBF-708141454073}.Debug|Any CPU.Build.0 = Debug|Any CPU
		{F4BB6B87-084D-41E4-ACBF-708141454073}.Release|Any CPU.ActiveCfg = Release|Any CPU
		{F4BB6B87-084D-41E4-ACBF-708141454073}.Release|Any CPU.Build.0 = Release|Any CPU
		{9BE7C22D-76B8-4D6D-A2FD-4A03E817A6D2}.Debug|Any CPU.ActiveCfg = Debug|Any CPU
		{9BE7C22D-76B8-4D6D-A2FD-4A03E817A6D2}.Debug|Any CPU.Build.0 = Debug|Any CPU
		{9BE7C22D-76B8-4D6D-A2FD-4A03E817A6D2}.Release|Any CPU.ActiveCfg = Release|Any CPU
		{9BE7C22D-76B8-4D6D-A2FD-4A03E817A6D2}.Release|Any CPU.Build.0 = Release|Any CPU
		{183E5094-B3BB-46F0-A0B2-20C039739A8C}.Debug|Any CPU.ActiveCfg = Debug|Any CPU
		{183E5094-B3BB-46F0-A0B2-20C039739A8C}.Debug|Any CPU.Build.0 = Debug|Any CPU
		{183E5094-B3BB-46F0-A0B2-20C039739A8C}.Release|Any CPU.ActiveCfg = Debug|Any CPU
		{183E5094-B3BB-46F0-A0B2-20C039739A8C}.Release|Any CPU.Build.0 = Debug|Any CPU
		{84C9371E-6BE1-4713-97AD-F2CB19ED4359}.Debug|Any CPU.ActiveCfg = Debug|Any CPU
		{84C9371E-6BE1-4713-97AD-F2CB19ED4359}.Debug|Any CPU.Build.0 = Debug|Any CPU
		{84C9371E-6BE1-4713-97AD-F2CB19ED4359}.Release|Any CPU.ActiveCfg = Release|Any CPU
		{84C9371E-6BE1-4713-97AD-F2CB19ED4359}.Release|Any CPU.Build.0 = Release|Any CPU
	EndGlobalSection
	GlobalSection(SolutionProperties) = preSolution
		HideSolutionNode = FALSE
	EndGlobalSection
	GlobalSection(NestedProjects) = preSolution
		{F2E4DF87-4F96-4004-AC37-8335202A6B43} = {0CACEF26-B523-4E83-8FB7-0F678B7158B7}
		{CAEC7643-D88D-453A-B429-A1F5E74D62D8} = {0CACEF26-B523-4E83-8FB7-0F678B7158B7}
		{F4BB6B87-084D-41E4-ACBF-708141454073} = {0CACEF26-B523-4E83-8FB7-0F678B7158B7}
		{9BE7C22D-76B8-4D6D-A2FD-4A03E817A6D2} = {533AF666-11DF-46EB-98A1-0A93A2F93B5C}
		{183E5094-B3BB-46F0-A0B2-20C039739A8C} = {DED8F74C-AC87-4822-8647-3278D406490A}
		{84C9371E-6BE1-4713-97AD-F2CB19ED4359} = {533AF666-11DF-46EB-98A1-0A93A2F93B5C}
	EndGlobalSection
EndGlobal
